<Solution>
  <Configurations>
    <Platform Name="Any CPU" />
    <Platform Name="x64" />
    <Platform Name="x86" />
  </Configurations>
  <Project Path="SpellCrafter.Cli/SpellCrafter.Cli.csproj" />
  <Project Path="SpellCrafter.Tests/SpellCrafter.Tests.csproj" />
  <Project Path="SpellCrafter/SpellCrafter.csproj" />
</Solution>
