
Microsoft Visual Studio Solution File, Format Version 12.00
# Visual Studio Version 17
VisualStudioVersion = 17.5.33516.290
MinimumVisualStudioVersion = 10.0.40219.1
Project("{FAE04EC0-301F-11D3-BF4B-00C04F79EFBC}") = "SpellCrafter", "SpellCrafter\SpellCrafter.csproj", "{DE2462C3-8A98-4E68-BA35-8292EFC14D73}"
EndProject
Project("{FAE04EC0-301F-11D3-BF4B-00C04F79EFBC}") = "SpellCrafter.Cli", "SpellCrafter.Cli\SpellCrafter.Cli.csproj", "{05EA7B1A-ED6B-49A1-81C6-7B87468FEB17}"
EndProject
Project("{FAE04EC0-301F-11D3-BF4B-00C04F79EFBC}") = "SpellCrafter.Tests", "SpellCrafter.Tests\SpellCrafter.Tests.csproj", "{FE2A7780-D3CC-418A-B624-1902B61ACD5D}"
EndProject
Global
	GlobalSection(SolutionConfigurationPlatforms) = preSolution
		Debug|Any CPU = Debug|Any CPU
		Debug|x64 = Debug|x64
		Debug|x86 = Debug|x86
		Release|Any CPU = Release|Any CPU
		Release|x64 = Release|x64
		Release|x86 = Release|x86
	EndGlobalSection
	GlobalSection(ProjectConfigurationPlatforms) = postSolution
		{DE2462C3-8A98-4E68-BA35-8292EFC14D73}.Debug|Any CPU.ActiveCfg = Debug|Any CPU
		{DE2462C3-8A98-4E68-BA35-8292EFC14D73}.Debug|Any CPU.Build.0 = Debug|Any CPU
		{DE2462C3-8A98-4E68-BA35-8292EFC14D73}.Debug|x64.ActiveCfg = Debug|Any CPU
		{DE2462C3-8A98-4E68-BA35-8292EFC14D73}.Debug|x64.Build.0 = Debug|Any CPU
		{DE2462C3-8A98-4E68-BA35-8292EFC14D73}.Debug|x86.ActiveCfg = Debug|Any CPU
		{DE2462C3-8A98-4E68-BA35-8292EFC14D73}.Debug|x86.Build.0 = Debug|Any CPU
		{DE2462C3-8A98-4E68-BA35-8292EFC14D73}.Release|Any CPU.ActiveCfg = Release|Any CPU
		{DE2462C3-8A98-4E68-BA35-8292EFC14D73}.Release|Any CPU.Build.0 = Release|Any CPU
		{DE2462C3-8A98-4E68-BA35-8292EFC14D73}.Release|x64.ActiveCfg = Release|Any CPU
		{DE2462C3-8A98-4E68-BA35-8292EFC14D73}.Release|x64.Build.0 = Release|Any CPU
		{DE2462C3-8A98-4E68-BA35-8292EFC14D73}.Release|x86.ActiveCfg = Release|Any CPU
		{DE2462C3-8A98-4E68-BA35-8292EFC14D73}.Release|x86.Build.0 = Release|Any CPU
		{05EA7B1A-ED6B-49A1-81C6-7B87468FEB17}.Debug|Any CPU.ActiveCfg = Debug|Any CPU
		{05EA7B1A-ED6B-49A1-81C6-7B87468FEB17}.Debug|Any CPU.Build.0 = Debug|Any CPU
		{05EA7B1A-ED6B-49A1-81C6-7B87468FEB17}.Debug|x64.ActiveCfg = Debug|Any CPU
		{05EA7B1A-ED6B-49A1-81C6-7B87468FEB17}.Debug|x64.Build.0 = Debug|Any CPU
		{05EA7B1A-ED6B-49A1-81C6-7B87468FEB17}.Debug|x86.ActiveCfg = Debug|Any CPU
		{05EA7B1A-ED6B-49A1-81C6-7B87468FEB17}.Debug|x86.Build.0 = Debug|Any CPU
		{05EA7B1A-ED6B-49A1-81C6-7B87468FEB17}.Release|Any CPU.ActiveCfg = Release|Any CPU
		{05EA7B1A-ED6B-49A1-81C6-7B87468FEB17}.Release|Any CPU.Build.0 = Release|Any CPU
		{05EA7B1A-ED6B-49A1-81C6-7B87468FEB17}.Release|x64.ActiveCfg = Release|Any CPU
		{05EA7B1A-ED6B-49A1-81C6-7B87468FEB17}.Release|x64.Build.0 = Release|Any CPU
		{05EA7B1A-ED6B-49A1-81C6-7B87468FEB17}.Release|x86.ActiveCfg = Release|Any CPU
		{05EA7B1A-ED6B-49A1-81C6-7B87468FEB17}.Release|x86.Build.0 = Release|Any CPU
		{FE2A7780-D3CC-418A-B624-1902B61ACD5D}.Debug|Any CPU.ActiveCfg = Debug|Any CPU
		{FE2A7780-D3CC-418A-B624-1902B61ACD5D}.Debug|Any CPU.Build.0 = Debug|Any CPU
		{FE2A7780-D3CC-418A-B624-1902B61ACD5D}.Debug|x64.ActiveCfg = Debug|Any CPU
		{FE2A7780-D3CC-418A-B624-1902B61ACD5D}.Debug|x64.Build.0 = Debug|Any CPU
		{FE2A7780-D3CC-418A-B624-1902B61ACD5D}.Debug|x86.ActiveCfg = Debug|Any CPU
		{FE2A7780-D3CC-418A-B624-1902B61ACD5D}.Debug|x86.Build.0 = Debug|Any CPU
		{FE2A7780-D3CC-418A-B624-1902B61ACD5D}.Release|Any CPU.ActiveCfg = Release|Any CPU
		{FE2A7780-D3CC-418A-B624-1902B61ACD5D}.Release|Any CPU.Build.0 = Release|Any CPU
		{FE2A7780-D3CC-418A-B624-1902B61ACD5D}.Release|x64.ActiveCfg = Release|Any CPU
		{FE2A7780-D3CC-418A-B624-1902B61ACD5D}.Release|x64.Build.0 = Release|Any CPU
		{FE2A7780-D3CC-418A-B624-1902B61ACD5D}.Release|x86.ActiveCfg = Release|Any CPU
		{FE2A7780-D3CC-418A-B624-1902B61ACD5D}.Release|x86.Build.0 = Release|Any CPU
	EndGlobalSection
	GlobalSection(SolutionProperties) = preSolution
		HideSolutionNode = FALSE
	EndGlobalSection
	GlobalSection(ExtensibilityGlobals) = postSolution
		SolutionGuid = {7FBDDFED-9E6E-4AC9-9E7B-98157A2D71FE}
	EndGlobalSection
EndGlobal
